
Microsoft Visual Studio Solution File, Format Version 12.00
# Visual Studio Version 16
VisualStudioVersion = 16.0.30114.105
MinimumVisualStudioVersion = 10.0.40219.1
Project("{2150E333-8FDC-42A3-9474-1A3956D46DE8}") = "src", "src", "{C30E94BA-A212-4544-9535-2E85E5842B52}"
EndProject
Project("{FAE04EC0-301F-11D3-BF4B-00C04F79EFBC}") = "My.DDD.MediatrDomainEventHandlers", "src\My.DDD.MediatrDomainEventHandlers\My.DDD.MediatrDomainEventHandlers.csproj", "{C873B2E9-F5D1-4FBD-BC43-A0006E95D15A}"
EndProject
Project("{FAE04EC0-301F-11D3-BF4B-00C04F79EFBC}") = "My.DDD.MediatrDomainEventHandlers.Tests", "src\My.DDD.MediatrDomainEventHandlers.Tests\My.DDD.MediatrDomainEventHandlers.Tests.csproj", "{EC3E8894-E8BC-47A2-B605-3AD70211890D}"
EndProject
Global
	GlobalSection(SolutionConfigurationPlatforms) = preSolution
		Debug|Any CPU = Debug|Any CPU
		Release|Any CPU = Release|Any CPU
	EndGlobalSection
	GlobalSection(SolutionProperties) = preSolution
		HideSolutionNode = FALSE
	EndGlobalSection
	GlobalSection(ProjectConfigurationPlatforms) = postSolution
		{C873B2E9-F5D1-4FBD-BC43-A0006E95D15A}.Debug|Any CPU.ActiveCfg = Debug|Any CPU
		{C873B2E9-F5D1-4FBD-BC43-A0006E95D15A}.Debug|Any CPU.Build.0 = Debug|Any CPU
		{C873B2E9-F5D1-4FBD-BC43-A0006E95D15A}.Release|Any CPU.ActiveCfg = Release|Any CPU
		{C873B2E9-F5D1-4FBD-BC43-A0006E95D15A}.Release|Any CPU.Build.0 = Release|Any CPU
		{EC3E8894-E8BC-47A2-B605-3AD70211890D}.Debug|Any CPU.ActiveCfg = Debug|Any CPU
		{EC3E8894-E8BC-47A2-B605-3AD70211890D}.Debug|Any CPU.Build.0 = Debug|Any CPU
		{EC3E8894-E8BC-47A2-B605-3AD70211890D}.Release|Any CPU.ActiveCfg = Release|Any CPU
		{EC3E8894-E8BC-47A2-B605-3AD70211890D}.Release|Any CPU.Build.0 = Release|Any CPU
	EndGlobalSection
	GlobalSection(NestedProjects) = preSolution
		{C873B2E9-F5D1-4FBD-BC43-A0006E95D15A} = {C30E94BA-A212-4544-9535-2E85E5842B52}
		{EC3E8894-E8BC-47A2-B605-3AD70211890D} = {C30E94BA-A212-4544-9535-2E85E5842B52}
	EndGlobalSection
EndGlobal
